
Microsoft Visual Studio Solution File, Format Version 12.00
# Visual Studio Version 17
VisualStudioVersion = 17.9.34902.65
MinimumVisualStudioVersion = 10.0.40219.1
Project("{9A19103F-16F7-4668-BE54-9A1E7A4F7556}") = "FoodHealthChecker", "FoodHealthChecker.csproj", "{7BEAFE91-5A63-4430-8D43-D2D241FE19AB}"
EndProject
Global
	GlobalSection(SolutionConfigurationPlatforms) = preSolution
		Debug|Any CPU = Debug|Any CPU
		Release|Any CPU = Release|Any CPU
	EndGlobalSection
	GlobalSection(ProjectConfigurationPlatforms) = postSolution
		{7BEAFE91-5A63-4430-8D43-D2D241FE19AB}.Debug|Any CPU.ActiveCfg = Debug|Any CPU
		{7BEAFE91-5A63-4430-8D43-D2D241FE19AB}.Debug|Any CPU.Build.0 = Debug|Any CPU
		{7BEAFE91-5A63-4430-8D43-D2D241FE19AB}.Release|Any CPU.ActiveCfg = Release|Any CPU
		{7BEAFE91-5A63-4430-8D43-D2D241FE19AB}.Release|Any CPU.Build.0 = Release|Any CPU
	EndGlobalSection
	GlobalSection(SolutionProperties) = preSolution
		HideSolutionNode = FALSE
	EndGlobalSection
	GlobalSection(ExtensibilityGlobals) = postSolution
		SolutionGuid = {089E6507-8434-4A5D-8DFB-1575763ADD5E}
	EndGlobalSection
EndGlobal
